
Microsoft Visual Studio Solution File, Format Version 12.00
# Visual Studio 14
VisualStudioVersion = 14.0.25420.1
MinimumVisualStudioVersion = 10.0.40219.1
Project("{00D1A9C2-B5F0-4AF3-8072-F6C62B433612}") = "SqlRegexV2", "SqlRegexV2\SqlRegexV2.sqlproj", "{089B115F-4D58-45BB-A2B2-48B016838AE1}"
EndProject
Global
	GlobalSection(SolutionConfigurationPlatforms) = preSolution
		Debug|Any CPU = Debug|Any CPU
		Release|Any CPU = Release|Any CPU
	EndGlobalSection
	GlobalSection(ProjectConfigurationPlatforms) = postSolution
		{089B115F-4D58-45BB-A2B2-48B016838AE1}.Debug|Any CPU.ActiveCfg = Debug|Any CPU
		{089B115F-4D58-45BB-A2B2-48B016838AE1}.Debug|Any CPU.Build.0 = Debug|Any CPU
		{089B115F-4D58-45BB-A2B2-48B016838AE1}.Release|Any CPU.ActiveCfg = Release|Any CPU
		{089B115F-4D58-45BB-A2B2-48B016838AE1}.Release|Any CPU.Build.0 = Release|Any CPU
	EndGlobalSection
	GlobalSection(SolutionProperties) = preSolution
		HideSolutionNode = FALSE
	EndGlobalSection
EndGlobal
